
Microsoft Visual Studio Solution File, Format Version 12.00
Project("{FAE04EC0-301F-11D3-BF4B-00C04F79EFBC}") = "SnakeGame", "SnakeGame\SnakeGame.csproj", "{212E4DBB-CB7F-4073-8342-6CF0A751B761}"
EndProject
Global
	GlobalSection(SolutionConfigurationPlatforms) = preSolution
		Debug|Any CPU = Debug|Any CPU
		Release|Any CPU = Release|Any CPU
	EndGlobalSection
	GlobalSection(ProjectConfigurationPlatforms) = postSolution
		{212E4DBB-CB7F-4073-8342-6CF0A751B761}.Debug|Any CPU.ActiveCfg = Debug|Any CPU
		{212E4DBB-CB7F-4073-8342-6CF0A751B761}.Debug|Any CPU.Build.0 = Debug|Any CPU
		{212E4DBB-CB7F-4073-8342-6CF0A751B761}.Release|Any CPU.ActiveCfg = Release|Any CPU
		{212E4DBB-CB7F-4073-8342-6CF0A751B761}.Release|Any CPU.Build.0 = Release|Any CPU
	EndGlobalSection
EndGlobal
